{
  "name": "express-error-toolkit",
  "version": "1.0.0",
  "lockfileVersion": 3,
  "requires": true,
  "packages": {
    "": {
      "name": "express-error-toolkit",
      "version": "1.0.0",
      "license": "MIT",
      "dependencies": {
        "http-status-toolkit": "^1.0.3"
      }
    },
    "node_modules/http-status-toolkit": {
      "version": "1.0.3",
      "resolved": "https://registry.npmjs.org/http-status-toolkit/-/http-status-toolkit-1.0.3.tgz",
      "integrity": "sha512-tbsMokTrjbsebQl/enDJjqWqXNDM4JB+ABqF3J43HOG5LrMhqSd8blHv4y0RxdsGtLX02tQd/CInBKBuoaAp4w==",
      "license": "MIT"
    }
  }
}
