{
  "name": "express-error-toolkit",
  "version": "1.0.0",
  "lockfileVersion": 3,
  "requires": true,
  "packages": {
    "": {
      "name": "express-error-toolkit",
      "version": "1.0.0",
      "license": "MIT",
      "dependencies": {
        "http-status-toolkit": "^1.0.3"
      },
      "devDependencies": {
        "typescript": "^5.8.3"
      }
    },
    "node_modules/http-status-toolkit": {
      "version": "1.0.3",
      "resolved": "https://registry.npmjs.org/http-status-toolkit/-/http-status-toolkit-1.0.3.tgz",
      "integrity": "sha512-tbsMokTrjbsebQl/enDJjqWqXNDM4JB+ABqF3J43HOG5LrMhqSd8blHv4y0RxdsGtLX02tQd/CInBKBuoaAp4w==",
      "license": "MIT"
    },
    "node_modules/typescript": {
      "version": "5.8.3",
      "resolved": "https://registry.npmjs.org/typescript/-/typescript-5.8.3.tgz",
      "integrity": "sha512-p1diW6TqL9L07nNxvRMM7hMMw4c5XOo/1ibL4aAIGmSAt9slTE1Xgw5KWuof2uTOvCg9BY7ZRi+GaF+7sfgPeQ==",
      "dev": true,
      "license": "Apache-2.0",
      "bin": {
        "tsc": "bin/tsc",
        "tsserver": "bin/tsserver"
      },
      "engines": {
        "node": ">=14.17"
      }
    }
  }
}
